
Microsoft Visual Studio Solution File, Format Version 12.00
# Visual Studio 15
VisualStudioVersion = 15.0.26730.15
MinimumVisualStudioVersion = 10.0.40219.1
Project("{FAE04EC0-301F-11D3-BF4B-00C04F79EFBC}") = "ProvaMenù", "ProvaMenù\ProvaMenù.csproj", "{CA2E385F-E5ED-44C2-9E54-DC85E70976FB}"
EndProject
Global
	GlobalSection(SolutionConfigurationPlatforms) = preSolution
		Debug|Any CPU = Debug|Any CPU
		Release|Any CPU = Release|Any CPU
	EndGlobalSection
	GlobalSection(ProjectConfigurationPlatforms) = postSolution
		{CA2E385F-E5ED-44C2-9E54-DC85E70976FB}.Debug|Any CPU.ActiveCfg = Debug|Any CPU
		{CA2E385F-E5ED-44C2-9E54-DC85E70976FB}.Debug|Any CPU.Build.0 = Debug|Any CPU
		{CA2E385F-E5ED-44C2-9E54-DC85E70976FB}.Release|Any CPU.ActiveCfg = Release|Any CPU
		{CA2E385F-E5ED-44C2-9E54-DC85E70976FB}.Release|Any CPU.Build.0 = Release|Any CPU
	EndGlobalSection
	GlobalSection(SolutionProperties) = preSolution
		HideSolutionNode = FALSE
	EndGlobalSection
	GlobalSection(ExtensibilityGlobals) = postSolution
		SolutionGuid = {56F67938-BCA9-47A4-ACE8-DED23C4FF99B}
	EndGlobalSection
EndGlobal
