
Microsoft Visual Studio Solution File, Format Version 12.00
# Visual Studio 15
VisualStudioVersion = 15.0.27428.2015
MinimumVisualStudioVersion = 10.0.40219.1
Project("{FAE04EC0-301F-11D3-BF4B-00C04F79EFBC}") = "fiammiferi", "fiammiferi\fiammiferi.csproj", "{2683001F-B15E-4752-96D7-A2BC071A8DA9}"
EndProject
Global
	GlobalSection(SolutionConfigurationPlatforms) = preSolution
		Debug|Any CPU = Debug|Any CPU
		Release|Any CPU = Release|Any CPU
	EndGlobalSection
	GlobalSection(ProjectConfigurationPlatforms) = postSolution
		{2683001F-B15E-4752-96D7-A2BC071A8DA9}.Debug|Any CPU.ActiveCfg = Debug|Any CPU
		{2683001F-B15E-4752-96D7-A2BC071A8DA9}.Debug|Any CPU.Build.0 = Debug|Any CPU
		{2683001F-B15E-4752-96D7-A2BC071A8DA9}.Release|Any CPU.ActiveCfg = Release|Any CPU
		{2683001F-B15E-4752-96D7-A2BC071A8DA9}.Release|Any CPU.Build.0 = Release|Any CPU
	EndGlobalSection
	GlobalSection(SolutionProperties) = preSolution
		HideSolutionNode = FALSE
	EndGlobalSection
	GlobalSection(ExtensibilityGlobals) = postSolution
		SolutionGuid = {C0C9DB57-3451-46FF-A551-2241FC179CE6}
	EndGlobalSection
EndGlobal
