
Microsoft Visual Studio Solution File, Format Version 12.00
# Visual Studio 15
VisualStudioVersion = 15.0.26730.16
MinimumVisualStudioVersion = 10.0.40219.1
Project("{FAE04EC0-301F-11D3-BF4B-00C04F79EFBC}") = "open-saveFileDialog", "open-saveFileDialog\open-saveFileDialog.csproj", "{5A37AEC0-63E7-47B5-A873-DD6B96C87A17}"
EndProject
Global
	GlobalSection(SolutionConfigurationPlatforms) = preSolution
		Debug|Any CPU = Debug|Any CPU
		Release|Any CPU = Release|Any CPU
	EndGlobalSection
	GlobalSection(ProjectConfigurationPlatforms) = postSolution
		{5A37AEC0-63E7-47B5-A873-DD6B96C87A17}.Debug|Any CPU.ActiveCfg = Debug|Any CPU
		{5A37AEC0-63E7-47B5-A873-DD6B96C87A17}.Debug|Any CPU.Build.0 = Debug|Any CPU
		{5A37AEC0-63E7-47B5-A873-DD6B96C87A17}.Release|Any CPU.ActiveCfg = Release|Any CPU
		{5A37AEC0-63E7-47B5-A873-DD6B96C87A17}.Release|Any CPU.Build.0 = Release|Any CPU
	EndGlobalSection
	GlobalSection(SolutionProperties) = preSolution
		HideSolutionNode = FALSE
	EndGlobalSection
	GlobalSection(ExtensibilityGlobals) = postSolution
		SolutionGuid = {05B7F485-74A8-4462-80F7-50DC6C674C0D}
	EndGlobalSection
EndGlobal
