
Microsoft Visual Studio Solution File, Format Version 12.00
# Visual Studio 15
VisualStudioVersion = 15.0.26730.16
MinimumVisualStudioVersion = 10.0.40219.1
Project("{FAE04EC0-301F-11D3-BF4B-00C04F79EFBC}") = "FileBinario", "FileBinario\FileBinario.csproj", "{537B3388-3FE0-4758-8A3A-3F3021333687}"
EndProject
Global
	GlobalSection(SolutionConfigurationPlatforms) = preSolution
		Debug|Any CPU = Debug|Any CPU
		Release|Any CPU = Release|Any CPU
	EndGlobalSection
	GlobalSection(ProjectConfigurationPlatforms) = postSolution
		{537B3388-3FE0-4758-8A3A-3F3021333687}.Debug|Any CPU.ActiveCfg = Debug|Any CPU
		{537B3388-3FE0-4758-8A3A-3F3021333687}.Debug|Any CPU.Build.0 = Debug|Any CPU
		{537B3388-3FE0-4758-8A3A-3F3021333687}.Release|Any CPU.ActiveCfg = Release|Any CPU
		{537B3388-3FE0-4758-8A3A-3F3021333687}.Release|Any CPU.Build.0 = Release|Any CPU
	EndGlobalSection
	GlobalSection(SolutionProperties) = preSolution
		HideSolutionNode = FALSE
	EndGlobalSection
	GlobalSection(ExtensibilityGlobals) = postSolution
		SolutionGuid = {D9D1346A-EC3F-4269-8AC9-71AB7F5928BF}
	EndGlobalSection
EndGlobal
