
Microsoft Visual Studio Solution File, Format Version 12.00
# Visual Studio Version 16
VisualStudioVersion = 16.0.29911.84
MinimumVisualStudioVersion = 10.0.40219.1
Project("{FAE04EC0-301F-11D3-BF4B-00C04F79EFBC}") = "Prova1", "Prova1\Prova1.csproj", "{ED32019B-7D65-4778-B85A-ADF5F1317D81}"
EndProject
Global
	GlobalSection(SolutionConfigurationPlatforms) = preSolution
		Debug|Any CPU = Debug|Any CPU
		Release|Any CPU = Release|Any CPU
	EndGlobalSection
	GlobalSection(ProjectConfigurationPlatforms) = postSolution
		{ED32019B-7D65-4778-B85A-ADF5F1317D81}.Debug|Any CPU.ActiveCfg = Debug|Any CPU
		{ED32019B-7D65-4778-B85A-ADF5F1317D81}.Debug|Any CPU.Build.0 = Debug|Any CPU
		{ED32019B-7D65-4778-B85A-ADF5F1317D81}.Release|Any CPU.ActiveCfg = Release|Any CPU
		{ED32019B-7D65-4778-B85A-ADF5F1317D81}.Release|Any CPU.Build.0 = Release|Any CPU
	EndGlobalSection
	GlobalSection(SolutionProperties) = preSolution
		HideSolutionNode = FALSE
	EndGlobalSection
	GlobalSection(ExtensibilityGlobals) = postSolution
		SolutionGuid = {D2F70D09-2F77-4E1D-A66B-84DF96442802}
	EndGlobalSection
EndGlobal
