
Microsoft Visual Studio Solution File, Format Version 12.00
# Visual Studio 15
VisualStudioVersion = 15.0.26430.14
MinimumVisualStudioVersion = 10.0.40219.1
Project("{FAE04EC0-301F-11D3-BF4B-00C04F79EFBC}") = "Selection Sort", "Selection Sort\Selection Sort.csproj", "{F6DE7DEB-43D0-4662-AFF9-2ED39A588B0F}"
EndProject
Global
	GlobalSection(SolutionConfigurationPlatforms) = preSolution
		Debug|Any CPU = Debug|Any CPU
		Release|Any CPU = Release|Any CPU
	EndGlobalSection
	GlobalSection(ProjectConfigurationPlatforms) = postSolution
		{F6DE7DEB-43D0-4662-AFF9-2ED39A588B0F}.Debug|Any CPU.ActiveCfg = Debug|Any CPU
		{F6DE7DEB-43D0-4662-AFF9-2ED39A588B0F}.Debug|Any CPU.Build.0 = Debug|Any CPU
		{F6DE7DEB-43D0-4662-AFF9-2ED39A588B0F}.Release|Any CPU.ActiveCfg = Release|Any CPU
		{F6DE7DEB-43D0-4662-AFF9-2ED39A588B0F}.Release|Any CPU.Build.0 = Release|Any CPU
	EndGlobalSection
	GlobalSection(SolutionProperties) = preSolution
		HideSolutionNode = FALSE
	EndGlobalSection
EndGlobal
