
Microsoft Visual Studio Solution File, Format Version 12.00
# Visual Studio 15
VisualStudioVersion = 15.0.26730.16
MinimumVisualStudioVersion = 10.0.40219.1
Project("{FAE04EC0-301F-11D3-BF4B-00C04F79EFBC}") = "delegatobubblesort", "delegatobubblesort\delegatobubblesort.csproj", "{A3388AE3-E44E-45F5-994F-A80F8A38369E}"
EndProject
Global
	GlobalSection(SolutionConfigurationPlatforms) = preSolution
		Debug|Any CPU = Debug|Any CPU
		Release|Any CPU = Release|Any CPU
	EndGlobalSection
	GlobalSection(ProjectConfigurationPlatforms) = postSolution
		{A3388AE3-E44E-45F5-994F-A80F8A38369E}.Debug|Any CPU.ActiveCfg = Debug|Any CPU
		{A3388AE3-E44E-45F5-994F-A80F8A38369E}.Debug|Any CPU.Build.0 = Debug|Any CPU
		{A3388AE3-E44E-45F5-994F-A80F8A38369E}.Release|Any CPU.ActiveCfg = Release|Any CPU
		{A3388AE3-E44E-45F5-994F-A80F8A38369E}.Release|Any CPU.Build.0 = Release|Any CPU
	EndGlobalSection
	GlobalSection(SolutionProperties) = preSolution
		HideSolutionNode = FALSE
	EndGlobalSection
	GlobalSection(ExtensibilityGlobals) = postSolution
		SolutionGuid = {F279032E-7B3D-4366-9176-7A18BA0180AA}
	EndGlobalSection
EndGlobal
