
Microsoft Visual Studio Solution File, Format Version 12.00
# Visual Studio 15
VisualStudioVersion = 15.0.27004.2008
MinimumVisualStudioVersion = 10.0.40219.1
Project("{FAE04EC0-301F-11D3-BF4B-00C04F79EFBC}") = "fdprCodiceAlfaNumerico", "fdprCodiceAlfaNumerico\fdprCodiceAlfaNumerico.csproj", "{758F33E1-28EC-4EA3-9876-2EA613F00C4C}"
EndProject
Global
	GlobalSection(SolutionConfigurationPlatforms) = preSolution
		Debug|Any CPU = Debug|Any CPU
		Release|Any CPU = Release|Any CPU
	EndGlobalSection
	GlobalSection(ProjectConfigurationPlatforms) = postSolution
		{758F33E1-28EC-4EA3-9876-2EA613F00C4C}.Debug|Any CPU.ActiveCfg = Debug|Any CPU
		{758F33E1-28EC-4EA3-9876-2EA613F00C4C}.Debug|Any CPU.Build.0 = Debug|Any CPU
		{758F33E1-28EC-4EA3-9876-2EA613F00C4C}.Release|Any CPU.ActiveCfg = Release|Any CPU
		{758F33E1-28EC-4EA3-9876-2EA613F00C4C}.Release|Any CPU.Build.0 = Release|Any CPU
	EndGlobalSection
	GlobalSection(SolutionProperties) = preSolution
		HideSolutionNode = FALSE
	EndGlobalSection
	GlobalSection(ExtensibilityGlobals) = postSolution
		SolutionGuid = {688BD098-7292-4274-9E3E-545952BBED0A}
	EndGlobalSection
EndGlobal
