
Microsoft Visual Studio Solution File, Format Version 12.00
# Visual Studio 15
VisualStudioVersion = 15.0.26730.16
MinimumVisualStudioVersion = 10.0.40219.1
Project("{FAE04EC0-301F-11D3-BF4B-00C04F79EFBC}") = "Calcolatricewindows", "Calcolatricewindows\Calcolatricewindows.csproj", "{DCB11122-ED74-44F3-A01D-ECA627ED07E8}"
EndProject
Global
	GlobalSection(SolutionConfigurationPlatforms) = preSolution
		Debug|Any CPU = Debug|Any CPU
		Release|Any CPU = Release|Any CPU
	EndGlobalSection
	GlobalSection(ProjectConfigurationPlatforms) = postSolution
		{DCB11122-ED74-44F3-A01D-ECA627ED07E8}.Debug|Any CPU.ActiveCfg = Debug|Any CPU
		{DCB11122-ED74-44F3-A01D-ECA627ED07E8}.Debug|Any CPU.Build.0 = Debug|Any CPU
		{DCB11122-ED74-44F3-A01D-ECA627ED07E8}.Release|Any CPU.ActiveCfg = Release|Any CPU
		{DCB11122-ED74-44F3-A01D-ECA627ED07E8}.Release|Any CPU.Build.0 = Release|Any CPU
	EndGlobalSection
	GlobalSection(SolutionProperties) = preSolution
		HideSolutionNode = FALSE
	EndGlobalSection
	GlobalSection(ExtensibilityGlobals) = postSolution
		SolutionGuid = {70685ED1-6815-4905-B748-C03DFA04AF5E}
	EndGlobalSection
EndGlobal
