
Microsoft Visual Studio Solution File, Format Version 12.00
# Visual Studio 15
VisualStudioVersion = 15.0.26730.16
MinimumVisualStudioVersion = 10.0.40219.1
Project("{FAE04EC0-301F-11D3-BF4B-00C04F79EFBC}") = "Calcolatrice", "Calcolatrice\Calcolatrice.csproj", "{55EA4EE6-8C8E-4111-8519-BBBAF6F85A76}"
EndProject
Global
	GlobalSection(SolutionConfigurationPlatforms) = preSolution
		Debug|Any CPU = Debug|Any CPU
		Release|Any CPU = Release|Any CPU
	EndGlobalSection
	GlobalSection(ProjectConfigurationPlatforms) = postSolution
		{55EA4EE6-8C8E-4111-8519-BBBAF6F85A76}.Debug|Any CPU.ActiveCfg = Debug|Any CPU
		{55EA4EE6-8C8E-4111-8519-BBBAF6F85A76}.Debug|Any CPU.Build.0 = Debug|Any CPU
		{55EA4EE6-8C8E-4111-8519-BBBAF6F85A76}.Release|Any CPU.ActiveCfg = Release|Any CPU
		{55EA4EE6-8C8E-4111-8519-BBBAF6F85A76}.Release|Any CPU.Build.0 = Release|Any CPU
	EndGlobalSection
	GlobalSection(SolutionProperties) = preSolution
		HideSolutionNode = FALSE
	EndGlobalSection
	GlobalSection(ExtensibilityGlobals) = postSolution
		SolutionGuid = {F80B345D-CD37-4DEA-9C6A-A396C39416F5}
	EndGlobalSection
EndGlobal
