
Microsoft Visual Studio Solution File, Format Version 12.00
# Visual Studio 15
VisualStudioVersion = 15.0.26730.15
MinimumVisualStudioVersion = 10.0.40219.1
Project("{FAE04EC0-301F-11D3-BF4B-00C04F79EFBC}") = "Esempio1", "Esempio1\Esempio1.csproj", "{4719B4B9-4368-4D54-BA7F-0FD9F2B4D106}"
EndProject
Global
	GlobalSection(SolutionConfigurationPlatforms) = preSolution
		Debug|Any CPU = Debug|Any CPU
		Release|Any CPU = Release|Any CPU
	EndGlobalSection
	GlobalSection(ProjectConfigurationPlatforms) = postSolution
		{4719B4B9-4368-4D54-BA7F-0FD9F2B4D106}.Debug|Any CPU.ActiveCfg = Debug|Any CPU
		{4719B4B9-4368-4D54-BA7F-0FD9F2B4D106}.Debug|Any CPU.Build.0 = Debug|Any CPU
		{4719B4B9-4368-4D54-BA7F-0FD9F2B4D106}.Release|Any CPU.ActiveCfg = Release|Any CPU
		{4719B4B9-4368-4D54-BA7F-0FD9F2B4D106}.Release|Any CPU.Build.0 = Release|Any CPU
	EndGlobalSection
	GlobalSection(SolutionProperties) = preSolution
		HideSolutionNode = FALSE
	EndGlobalSection
	GlobalSection(ExtensibilityGlobals) = postSolution
		SolutionGuid = {DE1D5FCB-3FD5-4403-BA52-441E69C07315}
	EndGlobalSection
EndGlobal
