
Microsoft Visual Studio Solution File, Format Version 12.00
# Visual Studio 15
VisualStudioVersion = 15.0.26730.16
MinimumVisualStudioVersion = 10.0.40219.1
Project("{FAE04EC0-301F-11D3-BF4B-00C04F79EFBC}") = "conAccess", "conAccess\conAccess.csproj", "{FEE8BA4A-5D21-48D5-9732-4722EAC599C7}"
EndProject
Global
	GlobalSection(SolutionConfigurationPlatforms) = preSolution
		Debug|Any CPU = Debug|Any CPU
		Release|Any CPU = Release|Any CPU
	EndGlobalSection
	GlobalSection(ProjectConfigurationPlatforms) = postSolution
		{FEE8BA4A-5D21-48D5-9732-4722EAC599C7}.Debug|Any CPU.ActiveCfg = Debug|Any CPU
		{FEE8BA4A-5D21-48D5-9732-4722EAC599C7}.Debug|Any CPU.Build.0 = Debug|Any CPU
		{FEE8BA4A-5D21-48D5-9732-4722EAC599C7}.Release|Any CPU.ActiveCfg = Release|Any CPU
		{FEE8BA4A-5D21-48D5-9732-4722EAC599C7}.Release|Any CPU.Build.0 = Release|Any CPU
	EndGlobalSection
	GlobalSection(SolutionProperties) = preSolution
		HideSolutionNode = FALSE
	EndGlobalSection
	GlobalSection(ExtensibilityGlobals) = postSolution
		SolutionGuid = {F91D2EE9-B21D-497A-B486-FEB11F500C20}
	EndGlobalSection
EndGlobal
