
Microsoft Visual Studio Solution File, Format Version 12.00
# Visual Studio 15
VisualStudioVersion = 15.0.27004.2008
MinimumVisualStudioVersion = 10.0.40219.1
Project("{FAE04EC0-301F-11D3-BF4B-00C04F79EFBC}") = "fdprCalcolatrice", "fdprCalcolatrice\fdprCalcolatrice.csproj", "{EF109BE2-CFA4-4F43-9F47-0F0170A91629}"
EndProject
Global
	GlobalSection(SolutionConfigurationPlatforms) = preSolution
		Debug|Any CPU = Debug|Any CPU
		Release|Any CPU = Release|Any CPU
	EndGlobalSection
	GlobalSection(ProjectConfigurationPlatforms) = postSolution
		{EF109BE2-CFA4-4F43-9F47-0F0170A91629}.Debug|Any CPU.ActiveCfg = Debug|Any CPU
		{EF109BE2-CFA4-4F43-9F47-0F0170A91629}.Debug|Any CPU.Build.0 = Debug|Any CPU
		{EF109BE2-CFA4-4F43-9F47-0F0170A91629}.Release|Any CPU.ActiveCfg = Release|Any CPU
		{EF109BE2-CFA4-4F43-9F47-0F0170A91629}.Release|Any CPU.Build.0 = Release|Any CPU
	EndGlobalSection
	GlobalSection(SolutionProperties) = preSolution
		HideSolutionNode = FALSE
	EndGlobalSection
	GlobalSection(ExtensibilityGlobals) = postSolution
		SolutionGuid = {31A05AFE-4DCF-48BE-97B6-6F65EC698D41}
	EndGlobalSection
EndGlobal
