
Microsoft Visual Studio Solution File, Format Version 12.00
# Visual Studio 15
VisualStudioVersion = 15.0.26730.16
MinimumVisualStudioVersion = 10.0.40219.1
Project("{FAE04EC0-301F-11D3-BF4B-00C04F79EFBC}") = "ffdprkillbug", "ffdprkillbug\ffdprkillbug.csproj", "{7974E85E-2313-4456-8EF1-C553005D3088}"
EndProject
Global
	GlobalSection(SolutionConfigurationPlatforms) = preSolution
		Debug|Any CPU = Debug|Any CPU
		Release|Any CPU = Release|Any CPU
	EndGlobalSection
	GlobalSection(ProjectConfigurationPlatforms) = postSolution
		{7974E85E-2313-4456-8EF1-C553005D3088}.Debug|Any CPU.ActiveCfg = Debug|Any CPU
		{7974E85E-2313-4456-8EF1-C553005D3088}.Debug|Any CPU.Build.0 = Debug|Any CPU
		{7974E85E-2313-4456-8EF1-C553005D3088}.Release|Any CPU.ActiveCfg = Release|Any CPU
		{7974E85E-2313-4456-8EF1-C553005D3088}.Release|Any CPU.Build.0 = Release|Any CPU
	EndGlobalSection
	GlobalSection(SolutionProperties) = preSolution
		HideSolutionNode = FALSE
	EndGlobalSection
	GlobalSection(ExtensibilityGlobals) = postSolution
		SolutionGuid = {68529FD7-C9F1-4941-AC7C-73EC8EC88EC5}
	EndGlobalSection
EndGlobal
