
Microsoft Visual Studio Solution File, Format Version 12.00
# Visual Studio Version 16
VisualStudioVersion = 16.0.29911.84
MinimumVisualStudioVersion = 10.0.40219.1
Project("{FAE04EC0-301F-11D3-BF4B-00C04F79EFBC}") = "RedirectionOutput", "RedirectionOutput\RedirectionOutput.csproj", "{4936BE03-1221-4CEC-A611-3AFEDBB26379}"
EndProject
Project("{FAE04EC0-301F-11D3-BF4B-00C04F79EFBC}") = "lanciato", "lanciato\lanciato.csproj", "{9379516F-C1EB-4F4A-A0E5-9143C1805B6E}"
EndProject
Global
	GlobalSection(SolutionConfigurationPlatforms) = preSolution
		Debug|Any CPU = Debug|Any CPU
		Release|Any CPU = Release|Any CPU
	EndGlobalSection
	GlobalSection(ProjectConfigurationPlatforms) = postSolution
		{4936BE03-1221-4CEC-A611-3AFEDBB26379}.Debug|Any CPU.ActiveCfg = Debug|Any CPU
		{4936BE03-1221-4CEC-A611-3AFEDBB26379}.Debug|Any CPU.Build.0 = Debug|Any CPU
		{4936BE03-1221-4CEC-A611-3AFEDBB26379}.Release|Any CPU.ActiveCfg = Release|Any CPU
		{4936BE03-1221-4CEC-A611-3AFEDBB26379}.Release|Any CPU.Build.0 = Release|Any CPU
		{9379516F-C1EB-4F4A-A0E5-9143C1805B6E}.Debug|Any CPU.ActiveCfg = Debug|Any CPU
		{9379516F-C1EB-4F4A-A0E5-9143C1805B6E}.Debug|Any CPU.Build.0 = Debug|Any CPU
		{9379516F-C1EB-4F4A-A0E5-9143C1805B6E}.Release|Any CPU.ActiveCfg = Release|Any CPU
		{9379516F-C1EB-4F4A-A0E5-9143C1805B6E}.Release|Any CPU.Build.0 = Release|Any CPU
	EndGlobalSection
	GlobalSection(SolutionProperties) = preSolution
		HideSolutionNode = FALSE
	EndGlobalSection
	GlobalSection(ExtensibilityGlobals) = postSolution
		SolutionGuid = {2C83D75A-43F1-42B2-8155-7CE913B35176}
	EndGlobalSection
EndGlobal
